
Microsoft Visual Studio Solution File, Format Version 12.00
# Visual Studio Version 16
VisualStudioVersion = 16.0.31911.196
MinimumVisualStudioVersion = 10.0.40219.1
Project("{FAE04EC0-301F-11D3-BF4B-00C04F79EFBC}") = "ContactManager", "ContactManager\ContactManager.csproj", "{42B5289F-0351-48FE-A92D-7E264C1FA263}"
EndProject
Global
	GlobalSection(SolutionConfigurationPlatforms) = preSolution
		Debug|Any CPU = Debug|Any CPU
		Release|Any CPU = Release|Any CPU
	EndGlobalSection
	GlobalSection(ProjectConfigurationPlatforms) = postSolution
		{42B5289F-0351-48FE-A92D-7E264C1FA263}.Debug|Any CPU.ActiveCfg = Debug|Any CPU
		{42B5289F-0351-48FE-A92D-7E264C1FA263}.Debug|Any CPU.Build.0 = Debug|Any CPU
		{42B5289F-0351-48FE-A92D-7E264C1FA263}.Release|Any CPU.ActiveCfg = Release|Any CPU
		{42B5289F-0351-48FE-A92D-7E264C1FA263}.Release|Any CPU.Build.0 = Release|Any CPU
	EndGlobalSection
	GlobalSection(SolutionProperties) = preSolution
		HideSolutionNode = FALSE
	EndGlobalSection
	GlobalSection(ExtensibilityGlobals) = postSolution
		SolutionGuid = {DFCD6E3D-E112-416D-BF5D-350B9A9D83EA}
	EndGlobalSection
EndGlobal
